
Microsoft Visual Studio Solution File, Format Version 12.00
# Visual Studio Version 17
VisualStudioVersion = 17.0.31903.59
MinimumVisualStudioVersion = 10.0.40219.1
Project("{2150E333-8FDC-42A3-9474-1A3956D46DE8}") = "src", "src", "{827E0CD3-B72D-47B6-A68D-7590B98EB39B}"
EndProject
Project("{FAE04EC0-301F-11D3-BF4B-00C04F79EFBC}") = "Taskify.Domain", "src\Taskify.Domain\Taskify.Domain.csproj", "{0770973B-71E5-4FAE-991C-C72C6F9FA4EA}"
EndProject
Project("{FAE04EC0-301F-11D3-BF4B-00C04F79EFBC}") = "Taskify.Application", "src\Taskify.Application\Taskify.Application.csproj", "{9E2B37C2-960E-405E-92E2-7D4DFF9695D0}"
EndProject
Project("{FAE04EC0-301F-11D3-BF4B-00C04F79EFBC}") = "Taskify.Infrastructure", "src\Taskify.Infrastructure\Taskify.Infrastructure.csproj", "{359576AD-1B01-4683-9D84-3A19932A9643}"
EndProject
Project("{FAE04EC0-301F-11D3-BF4B-00C04F79EFBC}") = "Taskify.API", "src\Taskify.API\Taskify.API.csproj", "{9FAFB093-B316-4AD8-A7B1-C318D1BFFC57}"
EndProject
Project("{2150E333-8FDC-42A3-9474-1A3956D46DE8}") = "tests", "tests", "{0AB3BF05-4346-4AA6-1389-037BE0695223}"
EndProject
Project("{FAE04EC0-301F-11D3-BF4B-00C04F79EFBC}") = "Taskify.Domain.Tests", "tests\Taskify.Domain.Tests\Taskify.Domain.Tests.csproj", "{822A1A6C-7128-47BA-AB6A-83B984E1332F}"
EndProject
Project("{FAE04EC0-301F-11D3-BF4B-00C04F79EFBC}") = "Taskify.Application.Tests", "tests\Taskify.Application.Tests\Taskify.Application.Tests.csproj", "{6947C3C7-44AD-4683-8628-6D62EA5FE8C5}"
EndProject
Project("{FAE04EC0-301F-11D3-BF4B-00C04F79EFBC}") = "Taskify.Infrastructure.Tests", "tests\Taskify.Infrastructure.Tests\Taskify.Infrastructure.Tests.csproj", "{904083A6-1526-4169-AAA9-92AA99698BE7}"
EndProject
Project("{FAE04EC0-301F-11D3-BF4B-00C04F79EFBC}") = "Taskify.API.Tests", "tests\Taskify.API.Tests\Taskify.API.Tests.csproj", "{F42A85F1-D8E1-4B76-9B2F-7A84D88F019D}"
EndProject
Global
	GlobalSection(SolutionConfigurationPlatforms) = preSolution
		Debug|Any CPU = Debug|Any CPU
		Debug|x64 = Debug|x64
		Debug|x86 = Debug|x86
		Release|Any CPU = Release|Any CPU
		Release|x64 = Release|x64
		Release|x86 = Release|x86
	EndGlobalSection
	GlobalSection(ProjectConfigurationPlatforms) = postSolution
		{0770973B-71E5-4FAE-991C-C72C6F9FA4EA}.Debug|Any CPU.ActiveCfg = Debug|Any CPU
		{0770973B-71E5-4FAE-991C-C72C6F9FA4EA}.Debug|Any CPU.Build.0 = Debug|Any CPU
		{0770973B-71E5-4FAE-991C-C72C6F9FA4EA}.Debug|x64.ActiveCfg = Debug|Any CPU
		{0770973B-71E5-4FAE-991C-C72C6F9FA4EA}.Debug|x64.Build.0 = Debug|Any CPU
		{0770973B-71E5-4FAE-991C-C72C6F9FA4EA}.Debug|x86.ActiveCfg = Debug|Any CPU
		{0770973B-71E5-4FAE-991C-C72C6F9FA4EA}.Debug|x86.Build.0 = Debug|Any CPU
		{0770973B-71E5-4FAE-991C-C72C6F9FA4EA}.Release|Any CPU.ActiveCfg = Release|Any CPU
		{0770973B-71E5-4FAE-991C-C72C6F9FA4EA}.Release|Any CPU.Build.0 = Release|Any CPU
		{0770973B-71E5-4FAE-991C-C72C6F9FA4EA}.Release|x64.ActiveCfg = Release|Any CPU
		{0770973B-71E5-4FAE-991C-C72C6F9FA4EA}.Release|x64.Build.0 = Release|Any CPU
		{0770973B-71E5-4FAE-991C-C72C6F9FA4EA}.Release|x86.ActiveCfg = Release|Any CPU
		{0770973B-71E5-4FAE-991C-C72C6F9FA4EA}.Release|x86.Build.0 = Release|Any CPU
		{9E2B37C2-960E-405E-92E2-7D4DFF9695D0}.Debug|Any CPU.ActiveCfg = Debug|Any CPU
		{9E2B37C2-960E-405E-92E2-7D4DFF9695D0}.Debug|Any CPU.Build.0 = Debug|Any CPU
		{9E2B37C2-960E-405E-92E2-7D4DFF9695D0}.Debug|x64.ActiveCfg = Debug|Any CPU
		{9E2B37C2-960E-405E-92E2-7D4DFF9695D0}.Debug|x64.Build.0 = Debug|Any CPU
		{9E2B37C2-960E-405E-92E2-7D4DFF9695D0}.Debug|x86.ActiveCfg = Debug|Any CPU
		{9E2B37C2-960E-405E-92E2-7D4DFF9695D0}.Debug|x86.Build.0 = Debug|Any CPU
		{9E2B37C2-960E-405E-92E2-7D4DFF9695D0}.Release|Any CPU.ActiveCfg = Release|Any CPU
		{9E2B37C2-960E-405E-92E2-7D4DFF9695D0}.Release|Any CPU.Build.0 = Release|Any CPU
		{9E2B37C2-960E-405E-92E2-7D4DFF9695D0}.Release|x64.ActiveCfg = Release|Any CPU
		{9E2B37C2-960E-405E-92E2-7D4DFF9695D0}.Release|x64.Build.0 = Release|Any CPU
		{9E2B37C2-960E-405E-92E2-7D4DFF9695D0}.Release|x86.ActiveCfg = Release|Any CPU
		{9E2B37C2-960E-405E-92E2-7D4DFF9695D0}.Release|x86.Build.0 = Release|Any CPU
		{359576AD-1B01-4683-9D84-3A19932A9643}.Debug|Any CPU.ActiveCfg = Debug|Any CPU
		{359576AD-1B01-4683-9D84-3A19932A9643}.Debug|Any CPU.Build.0 = Debug|Any CPU
		{359576AD-1B01-4683-9D84-3A19932A9643}.Debug|x64.ActiveCfg = Debug|Any CPU
		{359576AD-1B01-4683-9D84-3A19932A9643}.Debug|x64.Build.0 = Debug|Any CPU
		{359576AD-1B01-4683-9D84-3A19932A9643}.Debug|x86.ActiveCfg = Debug|Any CPU
		{359576AD-1B01-4683-9D84-3A19932A9643}.Debug|x86.Build.0 = Debug|Any CPU
		{359576AD-1B01-4683-9D84-3A19932A9643}.Release|Any CPU.ActiveCfg = Release|Any CPU
		{359576AD-1B01-4683-9D84-3A19932A9643}.Release|Any CPU.Build.0 = Release|Any CPU
		{359576AD-1B01-4683-9D84-3A19932A9643}.Release|x64.ActiveCfg = Release|Any CPU
		{359576AD-1B01-4683-9D84-3A19932A9643}.Release|x64.Build.0 = Release|Any CPU
		{359576AD-1B01-4683-9D84-3A19932A9643}.Release|x86.ActiveCfg = Release|Any CPU
		{359576AD-1B01-4683-9D84-3A19932A9643}.Release|x86.Build.0 = Release|Any CPU
		{9FAFB093-B316-4AD8-A7B1-C318D1BFFC57}.Debug|Any CPU.ActiveCfg = Debug|Any CPU
		{9FAFB093-B316-4AD8-A7B1-C318D1BFFC57}.Debug|Any CPU.Build.0 = Debug|Any CPU
		{9FAFB093-B316-4AD8-A7B1-C318D1BFFC57}.Debug|x64.ActiveCfg = Debug|Any CPU
		{9FAFB093-B316-4AD8-A7B1-C318D1BFFC57}.Debug|x64.Build.0 = Debug|Any CPU
		{9FAFB093-B316-4AD8-A7B1-C318D1BFFC57}.Debug|x86.ActiveCfg = Debug|Any CPU
		{9FAFB093-B316-4AD8-A7B1-C318D1BFFC57}.Debug|x86.Build.0 = Debug|Any CPU
		{9FAFB093-B316-4AD8-A7B1-C318D1BFFC57}.Release|Any CPU.ActiveCfg = Release|Any CPU
		{9FAFB093-B316-4AD8-A7B1-C318D1BFFC57}.Release|Any CPU.Build.0 = Release|Any CPU
		{9FAFB093-B316-4AD8-A7B1-C318D1BFFC57}.Release|x64.ActiveCfg = Release|Any CPU
		{9FAFB093-B316-4AD8-A7B1-C318D1BFFC57}.Release|x64.Build.0 = Release|Any CPU
		{9FAFB093-B316-4AD8-A7B1-C318D1BFFC57}.Release|x86.ActiveCfg = Release|Any CPU
		{9FAFB093-B316-4AD8-A7B1-C318D1BFFC57}.Release|x86.Build.0 = Release|Any CPU
		{822A1A6C-7128-47BA-AB6A-83B984E1332F}.Debug|Any CPU.ActiveCfg = Debug|Any CPU
		{822A1A6C-7128-47BA-AB6A-83B984E1332F}.Debug|Any CPU.Build.0 = Debug|Any CPU
		{822A1A6C-7128-47BA-AB6A-83B984E1332F}.Debug|x64.ActiveCfg = Debug|Any CPU
		{822A1A6C-7128-47BA-AB6A-83B984E1332F}.Debug|x64.Build.0 = Debug|Any CPU
		{822A1A6C-7128-47BA-AB6A-83B984E1332F}.Debug|x86.ActiveCfg = Debug|Any CPU
		{822A1A6C-7128-47BA-AB6A-83B984E1332F}.Debug|x86.Build.0 = Debug|Any CPU
		{822A1A6C-7128-47BA-AB6A-83B984E1332F}.Release|Any CPU.ActiveCfg = Release|Any CPU
		{822A1A6C-7128-47BA-AB6A-83B984E1332F}.Release|Any CPU.Build.0 = Release|Any CPU
		{822A1A6C-7128-47BA-AB6A-83B984E1332F}.Release|x64.ActiveCfg = Release|Any CPU
		{822A1A6C-7128-47BA-AB6A-83B984E1332F}.Release|x64.Build.0 = Release|Any CPU
		{822A1A6C-7128-47BA-AB6A-83B984E1332F}.Release|x86.ActiveCfg = Release|Any CPU
		{822A1A6C-7128-47BA-AB6A-83B984E1332F}.Release|x86.Build.0 = Release|Any CPU
		{6947C3C7-44AD-4683-8628-6D62EA5FE8C5}.Debug|Any CPU.ActiveCfg = Debug|Any CPU
		{6947C3C7-44AD-4683-8628-6D62EA5FE8C5}.Debug|Any CPU.Build.0 = Debug|Any CPU
		{6947C3C7-44AD-4683-8628-6D62EA5FE8C5}.Debug|x64.ActiveCfg = Debug|Any CPU
		{6947C3C7-44AD-4683-8628-6D62EA5FE8C5}.Debug|x64.Build.0 = Debug|Any CPU
		{6947C3C7-44AD-4683-8628-6D62EA5FE8C5}.Debug|x86.ActiveCfg = Debug|Any CPU
		{6947C3C7-44AD-4683-8628-6D62EA5FE8C5}.Debug|x86.Build.0 = Debug|Any CPU
		{6947C3C7-44AD-4683-8628-6D62EA5FE8C5}.Release|Any CPU.ActiveCfg = Release|Any CPU
		{6947C3C7-44AD-4683-8628-6D62EA5FE8C5}.Release|Any CPU.Build.0 = Release|Any CPU
		{6947C3C7-44AD-4683-8628-6D62EA5FE8C5}.Release|x64.ActiveCfg = Release|Any CPU
		{6947C3C7-44AD-4683-8628-6D62EA5FE8C5}.Release|x64.Build.0 = Release|Any CPU
		{6947C3C7-44AD-4683-8628-6D62EA5FE8C5}.Release|x86.ActiveCfg = Release|Any CPU
		{6947C3C7-44AD-4683-8628-6D62EA5FE8C5}.Release|x86.Build.0 = Release|Any CPU
		{904083A6-1526-4169-AAA9-92AA99698BE7}.Debug|Any CPU.ActiveCfg = Debug|Any CPU
		{904083A6-1526-4169-AAA9-92AA99698BE7}.Debug|Any CPU.Build.0 = Debug|Any CPU
		{904083A6-1526-4169-AAA9-92AA99698BE7}.Debug|x64.ActiveCfg = Debug|Any CPU
		{904083A6-1526-4169-AAA9-92AA99698BE7}.Debug|x64.Build.0 = Debug|Any CPU
		{904083A6-1526-4169-AAA9-92AA99698BE7}.Debug|x86.ActiveCfg = Debug|Any CPU
		{904083A6-1526-4169-AAA9-92AA99698BE7}.Debug|x86.Build.0 = Debug|Any CPU
		{904083A6-1526-4169-AAA9-92AA99698BE7}.Release|Any CPU.ActiveCfg = Release|Any CPU
		{904083A6-1526-4169-AAA9-92AA99698BE7}.Release|Any CPU.Build.0 = Release|Any CPU
		{904083A6-1526-4169-AAA9-92AA99698BE7}.Release|x64.ActiveCfg = Release|Any CPU
		{904083A6-1526-4169-AAA9-92AA99698BE7}.Release|x64.Build.0 = Release|Any CPU
		{904083A6-1526-4169-AAA9-92AA99698BE7}.Release|x86.ActiveCfg = Release|Any CPU
		{904083A6-1526-4169-AAA9-92AA99698BE7}.Release|x86.Build.0 = Release|Any CPU
		{F42A85F1-D8E1-4B76-9B2F-7A84D88F019D}.Debug|Any CPU.ActiveCfg = Debug|Any CPU
		{F42A85F1-D8E1-4B76-9B2F-7A84D88F019D}.Debug|Any CPU.Build.0 = Debug|Any CPU
		{F42A85F1-D8E1-4B76-9B2F-7A84D88F019D}.Debug|x64.ActiveCfg = Debug|Any CPU
		{F42A85F1-D8E1-4B76-9B2F-7A84D88F019D}.Debug|x64.Build.0 = Debug|Any CPU
		{F42A85F1-D8E1-4B76-9B2F-7A84D88F019D}.Debug|x86.ActiveCfg = Debug|Any CPU
		{F42A85F1-D8E1-4B76-9B2F-7A84D88F019D}.Debug|x86.Build.0 = Debug|Any CPU
		{F42A85F1-D8E1-4B76-9B2F-7A84D88F019D}.Release|Any CPU.ActiveCfg = Release|Any CPU
		{F42A85F1-D8E1-4B76-9B2F-7A84D88F019D}.Release|Any CPU.Build.0 = Release|Any CPU
		{F42A85F1-D8E1-4B76-9B2F-7A84D88F019D}.Release|x64.ActiveCfg = Release|Any CPU
		{F42A85F1-D8E1-4B76-9B2F-7A84D88F019D}.Release|x64.Build.0 = Release|Any CPU
		{F42A85F1-D8E1-4B76-9B2F-7A84D88F019D}.Release|x86.ActiveCfg = Release|Any CPU
		{F42A85F1-D8E1-4B76-9B2F-7A84D88F019D}.Release|x86.Build.0 = Release|Any CPU
	EndGlobalSection
	GlobalSection(SolutionProperties) = preSolution
		HideSolutionNode = FALSE
	EndGlobalSection
	GlobalSection(NestedProjects) = preSolution
		{0770973B-71E5-4FAE-991C-C72C6F9FA4EA} = {827E0CD3-B72D-47B6-A68D-7590B98EB39B}
		{9E2B37C2-960E-405E-92E2-7D4DFF9695D0} = {827E0CD3-B72D-47B6-A68D-7590B98EB39B}
		{359576AD-1B01-4683-9D84-3A19932A9643} = {827E0CD3-B72D-47B6-A68D-7590B98EB39B}
		{9FAFB093-B316-4AD8-A7B1-C318D1BFFC57} = {827E0CD3-B72D-47B6-A68D-7590B98EB39B}
		{822A1A6C-7128-47BA-AB6A-83B984E1332F} = {0AB3BF05-4346-4AA6-1389-037BE0695223}
		{6947C3C7-44AD-4683-8628-6D62EA5FE8C5} = {0AB3BF05-4346-4AA6-1389-037BE0695223}
		{904083A6-1526-4169-AAA9-92AA99698BE7} = {0AB3BF05-4346-4AA6-1389-037BE0695223}
		{F42A85F1-D8E1-4B76-9B2F-7A84D88F019D} = {0AB3BF05-4346-4AA6-1389-037BE0695223}
	EndGlobalSection
EndGlobal
